
Microsoft Visual Studio Solution File, Format Version 12.00
# Visual Studio 15
VisualStudioVersion = 15.0.28307.902
MinimumVisualStudioVersion = 10.0.40219.1
Project("{FAE04EC0-301F-11D3-BF4B-00C04F79EFBC}") = "SectorApp.Web", "SectorApp.Web\SectorApp.Web.csproj", "{82085521-D46A-49F1-8981-DEC05FAA1AA5}"
EndProject
Project("{FAE04EC0-301F-11D3-BF4B-00C04F79EFBC}") = "SectorApp.Core", "SectorApp.Core\SectorApp.Core.csproj", "{51090917-6D46-40ED-B22A-DE4BA531E6C8}"
EndProject
Project("{FAE04EC0-301F-11D3-BF4B-00C04F79EFBC}") = "SectorApp.DataAccess", "SectorApp.DataAccess\SectorApp.DataAccess.csproj", "{50836E12-3368-4187-BE5B-142B418AC53C}"
EndProject
Project("{FAE04EC0-301F-11D3-BF4B-00C04F79EFBC}") = "SectorApp.Repository", "SectorApp.Repository\SectorApp.Repository.csproj", "{9A2833F9-D4DD-43BC-B549-DAE162F35C57}"
EndProject
Project("{FAE04EC0-301F-11D3-BF4B-00C04F79EFBC}") = "SectorApp.Service", "SectorApp.Service\SectorApp.Service.csproj", "{E8BED4C1-85FD-480B-A7D3-427B0824B42D}"
EndProject
Project("{2150E333-8FDC-42A3-9474-1A3956D46DE8}") = "Tests", "Tests", "{72A5BD3A-7EC4-4D59-B1A8-53FF353A095E}"
EndProject
Project("{FAE04EC0-301F-11D3-BF4B-00C04F79EFBC}") = "SectorApp.Web.UnitTests", "SectorApp.Web.UnitTests\SectorApp.Web.UnitTests.csproj", "{39918F16-E454-446F-ABFC-4FF3DC330A37}"
EndProject
Project("{FAE04EC0-301F-11D3-BF4B-00C04F79EFBC}") = "SectorApp.Service.UnitTests", "SectorApp.Service.UnitTests\SectorApp.Service.UnitTests.csproj", "{3669A4C5-5A7F-4275-B30A-0F81D74CD237}"
EndProject
Global
	GlobalSection(SolutionConfigurationPlatforms) = preSolution
		Debug|Any CPU = Debug|Any CPU
		Release|Any CPU = Release|Any CPU
	EndGlobalSection
	GlobalSection(ProjectConfigurationPlatforms) = postSolution
		{82085521-D46A-49F1-8981-DEC05FAA1AA5}.Debug|Any CPU.ActiveCfg = Debug|Any CPU
		{82085521-D46A-49F1-8981-DEC05FAA1AA5}.Debug|Any CPU.Build.0 = Debug|Any CPU
		{82085521-D46A-49F1-8981-DEC05FAA1AA5}.Release|Any CPU.ActiveCfg = Release|Any CPU
		{82085521-D46A-49F1-8981-DEC05FAA1AA5}.Release|Any CPU.Build.0 = Release|Any CPU
		{51090917-6D46-40ED-B22A-DE4BA531E6C8}.Debug|Any CPU.ActiveCfg = Debug|Any CPU
		{51090917-6D46-40ED-B22A-DE4BA531E6C8}.Debug|Any CPU.Build.0 = Debug|Any CPU
		{51090917-6D46-40ED-B22A-DE4BA531E6C8}.Release|Any CPU.ActiveCfg = Release|Any CPU
		{51090917-6D46-40ED-B22A-DE4BA531E6C8}.Release|Any CPU.Build.0 = Release|Any CPU
		{50836E12-3368-4187-BE5B-142B418AC53C}.Debug|Any CPU.ActiveCfg = Debug|Any CPU
		{50836E12-3368-4187-BE5B-142B418AC53C}.Debug|Any CPU.Build.0 = Debug|Any CPU
		{50836E12-3368-4187-BE5B-142B418AC53C}.Release|Any CPU.ActiveCfg = Release|Any CPU
		{50836E12-3368-4187-BE5B-142B418AC53C}.Release|Any CPU.Build.0 = Release|Any CPU
		{9A2833F9-D4DD-43BC-B549-DAE162F35C57}.Debug|Any CPU.ActiveCfg = Debug|Any CPU
		{9A2833F9-D4DD-43BC-B549-DAE162F35C57}.Debug|Any CPU.Build.0 = Debug|Any CPU
		{9A2833F9-D4DD-43BC-B549-DAE162F35C57}.Release|Any CPU.ActiveCfg = Release|Any CPU
		{9A2833F9-D4DD-43BC-B549-DAE162F35C57}.Release|Any CPU.Build.0 = Release|Any CPU
		{E8BED4C1-85FD-480B-A7D3-427B0824B42D}.Debug|Any CPU.ActiveCfg = Debug|Any CPU
		{E8BED4C1-85FD-480B-A7D3-427B0824B42D}.Debug|Any CPU.Build.0 = Debug|Any CPU
		{E8BED4C1-85FD-480B-A7D3-427B0824B42D}.Release|Any CPU.ActiveCfg = Release|Any CPU
		{E8BED4C1-85FD-480B-A7D3-427B0824B42D}.Release|Any CPU.Build.0 = Release|Any CPU
		{39918F16-E454-446F-ABFC-4FF3DC330A37}.Debug|Any CPU.ActiveCfg = Debug|Any CPU
		{39918F16-E454-446F-ABFC-4FF3DC330A37}.Debug|Any CPU.Build.0 = Debug|Any CPU
		{39918F16-E454-446F-ABFC-4FF3DC330A37}.Release|Any CPU.ActiveCfg = Release|Any CPU
		{39918F16-E454-446F-ABFC-4FF3DC330A37}.Release|Any CPU.Build.0 = Release|Any CPU
		{3669A4C5-5A7F-4275-B30A-0F81D74CD237}.Debug|Any CPU.ActiveCfg = Debug|Any CPU
		{3669A4C5-5A7F-4275-B30A-0F81D74CD237}.Debug|Any CPU.Build.0 = Debug|Any CPU
		{3669A4C5-5A7F-4275-B30A-0F81D74CD237}.Release|Any CPU.ActiveCfg = Release|Any CPU
		{3669A4C5-5A7F-4275-B30A-0F81D74CD237}.Release|Any CPU.Build.0 = Release|Any CPU
	EndGlobalSection
	GlobalSection(SolutionProperties) = preSolution
		HideSolutionNode = FALSE
	EndGlobalSection
	GlobalSection(NestedProjects) = preSolution
		{39918F16-E454-446F-ABFC-4FF3DC330A37} = {72A5BD3A-7EC4-4D59-B1A8-53FF353A095E}
		{3669A4C5-5A7F-4275-B30A-0F81D74CD237} = {72A5BD3A-7EC4-4D59-B1A8-53FF353A095E}
	EndGlobalSection
	GlobalSection(ExtensibilityGlobals) = postSolution
		SolutionGuid = {3F4507A6-3189-42B8-BB46-D8DBF92B8D55}
	EndGlobalSection
EndGlobal
